
Microsoft Visual Studio Solution File, Format Version 12.00
# Visual Studio 15
VisualStudioVersion = 15.0.27703.2042
MinimumVisualStudioVersion = 10.0.40219.1
Project("{FAE04EC0-301F-11D3-BF4B-00C04F79EFBC}") = "InterfacesLesson", "InterfacesLesson\InterfacesLesson.csproj", "{F506C226-3C94-4C6B-887E-C6BED11E1B98}"
EndProject
Project("{FAE04EC0-301F-11D3-BF4B-00C04F79EFBC}") = "SecurityPost", "SecurityPost\SecurityPost.csproj", "{DD079ABA-7FB8-4ADA-BDBF-D33BDA2EA858}"
EndProject
Global
	GlobalSection(SolutionConfigurationPlatforms) = preSolution
		Debug|Any CPU = Debug|Any CPU
		Release|Any CPU = Release|Any CPU
	EndGlobalSection
	GlobalSection(ProjectConfigurationPlatforms) = postSolution
		{F506C226-3C94-4C6B-887E-C6BED11E1B98}.Debug|Any CPU.ActiveCfg = Debug|Any CPU
		{F506C226-3C94-4C6B-887E-C6BED11E1B98}.Debug|Any CPU.Build.0 = Debug|Any CPU
		{F506C226-3C94-4C6B-887E-C6BED11E1B98}.Release|Any CPU.ActiveCfg = Release|Any CPU
		{F506C226-3C94-4C6B-887E-C6BED11E1B98}.Release|Any CPU.Build.0 = Release|Any CPU
		{DD079ABA-7FB8-4ADA-BDBF-D33BDA2EA858}.Debug|Any CPU.ActiveCfg = Debug|Any CPU
		{DD079ABA-7FB8-4ADA-BDBF-D33BDA2EA858}.Debug|Any CPU.Build.0 = Debug|Any CPU
		{DD079ABA-7FB8-4ADA-BDBF-D33BDA2EA858}.Release|Any CPU.ActiveCfg = Release|Any CPU
		{DD079ABA-7FB8-4ADA-BDBF-D33BDA2EA858}.Release|Any CPU.Build.0 = Release|Any CPU
	EndGlobalSection
	GlobalSection(SolutionProperties) = preSolution
		HideSolutionNode = FALSE
	EndGlobalSection
	GlobalSection(ExtensibilityGlobals) = postSolution
		SolutionGuid = {D77112C1-846E-41D3-8E6F-FF52AC2FCFB7}
	EndGlobalSection
EndGlobal
